
Microsoft Visual Studio Solution File, Format Version 11.00
# Visual Studio 2010
Project("{FAE04EC0-301F-11D3-BF4B-00C04F79EFBC}") = "CCI_Test", "CCI_Test\CCI_Test.csproj", "{074C407E-5D7B-43CC-B86F-A2A94ED6F829}"
EndProject
Global
	GlobalSection(SolutionConfigurationPlatforms) = preSolution
		Debug|Any CPU = Debug|Any CPU
		Release|Any CPU = Release|Any CPU
	EndGlobalSection
	GlobalSection(ProjectConfigurationPlatforms) = postSolution
		{074C407E-5D7B-43CC-B86F-A2A94ED6F829}.Debug|Any CPU.ActiveCfg = Debug|Any CPU
		{074C407E-5D7B-43CC-B86F-A2A94ED6F829}.Debug|Any CPU.Build.0 = Debug|Any CPU
		{074C407E-5D7B-43CC-B86F-A2A94ED6F829}.Release|Any CPU.ActiveCfg = Release|Any CPU
		{074C407E-5D7B-43CC-B86F-A2A94ED6F829}.Release|Any CPU.Build.0 = Release|Any CPU
	EndGlobalSection
	GlobalSection(SolutionProperties) = preSolution
		HideSolutionNode = FALSE
	EndGlobalSection
EndGlobal
